// !$*UTF8*$!
{
	archiveVersion = 1;
	classes = {
	};
	objectVersion = 46;
	objects = {

/* Begin PBXBuildFile section */
		38860AFC1BDABCF000D4D700 /* main.cpp in Sources */ = {isa = PBXBuildFile; fileRef = 38860AFB1BDABCF000D4D700 /* main.cpp */; };
/* End PBXBuildFile section */

/* Begin PBXCopyFilesBuildPhase section */
		38860AF61BDABCF000D4D700 /* CopyFiles */ = {
			isa = PBXCopyFilesBuildPhase;
			buildActionMask = 2147483647;
			dstPath = /usr/share/man/man1/;
			dstSubfolderSpec = 0;
			files = (
			);
			runOnlyForDeploymentPostprocessing = 1;
		};
/* End PBXCopyFilesBuildPhase section */

/* Begin PBXFileReference section */
		38860AF81BDABCF000D4D700 /* ExpQuiz */ = {isa = PBXFileReference; explicitFileType = "compiled.mach-o.executable"; includeInIndex = 0; path = ExpQuiz; sourceTree = BUILT_PRODUCTS_DIR; };
		38860AFB1BDABCF000D4D700 /* main.cpp */ = {isa = PBXFileReference; lastKnownFileType = sourcecode.cpp.cpp; path = main.cpp; sourceTree = "<group>"; };
		38860B021BDABD1C00D4D700 /* ExpQuiz.h */ = {isa = PBXFileReference; lastKnownFileType = sourcecode.c.h; path = ExpQuiz.h; sourceTree = "<group>"; };
/* End PBXFileReference section */

/* Begin PBXFrameworksBuildPhase section */
		38860AF51BDABCF000D4D700 /* Frameworks */ = {
			isa = PBXFrameworksBuildPhase;
			buildActionMask = 2147483647;
			files = (
			);
			runOnlyForDeploymentPostprocessing = 0;
		};
/* End PBXFrameworksBuildPhase section */

/* Begin PBXGroup section */
		38860AEF1BDABCF000D4D700 = {
			isa = PBXGroup;
			children = (
				38860AFA1BDABCF000D4D700 /* ExpQuiz */,
				38860AF91BDABCF000D4D700 /* Products */,
			);
			sourceTree = "<group>";
		};
		38860AF91BDABCF000D4D700 /* Products */ = {
			isa = PBXGroup;
			children = (
				38860AF81BDABCF000D4D700 /* ExpQuiz */,
			);
			name = Products;
			sourceTree = "<group>";
		};
		38860AFA1BDABCF000D4D700 /* ExpQuiz */ = {
			isa = PBXGroup;
			children = (
				38860AFB1BDABCF000D4D700 /* main.cpp */,
				38860B021BDABD1C00D4D700 /* ExpQuiz.h */,
			);
			path = ExpQuiz;
			sourceTree = "<group>";
		};
/* End PBXGroup section */

/* Begin PBXNativeTarget section */
		38860AF71BDABCF000D4D700 /* ExpQuiz */ = {
			isa = PBXNativeTarget;
			buildConfigurationList = 38860AFF1BDABCF000D4D700 /* Build configuration list for PBXNativeTarget "ExpQuiz" */;
			buildPhases = (
				38860AF41BDABCF000D4D700 /* Sources */,
				38860AF51BDABCF000D4D700 /* Frameworks */,
				38860AF61BDABCF000D4D700 /* CopyFiles */,
			);
			buildRules = (
			);
			dependencies = (
			);
			name = ExpQuiz;
			productName = ExpQuiz;
			productReference = 38860AF81BDABCF000D4D700 /* ExpQuiz */;
			productType = "com.apple.product-type.tool";
		};
/* End PBXNativeTarget section */

/* Begin PBXProject section */
		38860AF01BDABCF000D4D700 /* Project object */ = {
			isa = PBXProject;
			attributes = {
				LastUpgradeCheck = 0700;
				ORGANIZATIONNAME = Rocketmade;
				TargetAttributes = {
					38860AF71BDABCF000D4D700 = {
						CreatedOnToolsVersion = 7.0.1;
					};
				};
			};
			buildConfigurationList = 38860AF31BDABCF000D4D700 /* Build configuration list for PBXProject "ExpQuiz" */;
			compatibilityVersion = "Xcode 3.2";
			developmentRegion = English;
			hasScannedForEncodings = 0;
			knownRegions = (
				en,
			);
			mainGroup = 38860AEF1BDABCF000D4D700;
			productRefGroup = 38860AF91BDABCF000D4D700 /* Products */;
			projectDirPath = "";
			projectRoot = "";
			targets = (
				38860AF71BDABCF000D4D700 /* ExpQuiz */,
			);
		};
/* End PBXProject section */

/* Begin PBXSourcesBuildPhase section */
		38860AF41BDABCF000D4D700 /* Sources */ = {
			isa = PBXSourcesBuildPhase;
			buildActionMask = 2147483647;
			files = (
				38860AFC1BDABCF000D4D700 /* main.cpp in Sources */,
			);
			runOnlyForDeploymentPostprocessing = 0;
		};
/* End PBXSourcesBuildPhase section */

/* Begin XCBuildConfiguration section */
		38860AFD1BDABCF000D4D700 /* Debug */ = {
			isa = XCBuildConfiguration;
			buildSettings = {
				ALWAYS_SEARCH_USER_PATHS = NO;
				CLANG_CXX_LANGUAGE_STANDARD = "gnu++0x";
				CLANG_CXX_LIBRARY = "libc++";
				CLANG_ENABLE_MODULES = YES;
				CLANG_ENABLE_OBJC_ARC = YES;
				CLANG_WARN_BOOL_CONVERSION = YES;
				CLANG_WARN_CONSTANT_CONVERSION = YES;
				CLANG_WARN_DIRECT_OBJC_ISA_USAGE = YES_ERROR;
				CLANG_WARN_EMPTY_BODY = YES;
				CLANG_WARN_ENUM_CONVERSION = YES;
				CLANG_WARN_INT_CONVERSION = YES;
				CLANG_WARN_OBJC_ROOT_CLASS = YES_ERROR;
				CLANG_WARN_UNREACHABLE_CODE = YES;
				CLANG_WARN__DUPLICATE_METHOD_MATCH = YES;
				COPY_PHASE_STRIP = NO;
				DEBUG_INFORMATION_FORMAT = dwarf;
				ENABLE_STRICT_OBJC_MSGSEND = YES;
				ENABLE_TESTABILITY = YES;
				GCC_C_LANGUAGE_STANDARD = gnu99;
				GCC_DYNAMIC_NO_PIC = NO;
				GCC_NO_COMMON_BLOCKS = YES;
				GCC_OPTIMIZATION_LEVEL = 0;
				GCC_PREPROCESSOR_DEFINITIONS = (
					"DEBUG=1",
					"$(inherited)",
				);
				GCC_WARN_64_TO_32_BIT_CONVERSION = YES;
				GCC_WARN_ABOUT_RETURN_TYPE = YES_ERROR;
				GCC_WARN_UNDECLARED_SELECTOR = YES;
				GCC_WARN_UNINITIALIZED_AUTOS = YES_AGGRESSIVE;
				GCC_WARN_UNUSED_FUNCTION = YES;
				GCC_WARN_UNUSED_VARIABLE = YES;
				MACOSX_DEPLOYMENT_TARGET = 10.10;
				MTL_ENABLE_DEBUG_INFO = YES;
				ONLY_ACTIVE_ARCH = YES;
				SDKROOT = macosx;
			};
			name = Debug;
		};
		38860AFE1BDABCF000D4D700 /* Release */ = {
			isa = XCBuildConfiguration;
			buildSettings = {
				ALWAYS_SEARCH_USER_PATHS = NO;
				CLANG_CXX_LANGUAGE_STANDARD = "gnu++0x";
				CLANG_CXX_LIBRARY = "libc++";
				CLANG_ENABLE_MODULES = YES;
				CLANG_ENABLE_OBJC_ARC = YES;
				CLANG_WARN_BOOL_CONVERSION = YES;
				CLANG_WARN_CONSTANT_CONVERSION = YES;
				CLANG_WARN_DIRECT_OBJC_ISA_USAGE = YES_ERROR;
				CLANG_WARN_EMPTY_BODY = YES;
				CLANG_WARN_ENUM_CONVERSION = YES;
				CLANG_WARN_INT_CONVERSION = YES;
				CLANG_WARN_OBJC_ROOT_CLASS = YES_ERROR;
				CLANG_WARN_UNREACHABLE_CODE = YES;
				CLANG_WARN__DUPLICATE_METHOD_MATCH = YES;
				COPY_PHASE_STRIP = NO;
				DEBUG_INFORMATION_FORMAT = "dwarf-with-dsym";
				ENABLE_NS_ASSERTIONS = NO;
				ENABLE_STRICT_OBJC_MSGSEND = YES;
				GCC_C_LANGUAGE_STANDARD = gnu99;
				GCC_NO_COMMON_BLOCKS = YES;
				GCC_WARN_64_TO_32_BIT_CONVERSION = YES;
				GCC_WARN_ABOUT_RETURN_TYPE = YES_ERROR;
				GCC_WARN_UNDECLARED_SELECTOR = YES;
				GCC_WARN_UNINITIALIZED_AUTOS = YES_AGGRESSIVE;
				GCC_WARN_UNUSED_FUNCTION = YES;
				GCC_WARN_UNUSED_VARIABLE = YES;
				MACOSX_DEPLOYMENT_TARGET = 10.10;
				MTL_ENABLE_DEBUG_INFO = NO;
				SDKROOT = macosx;
			};
			name = Release;
		};
		38860B001BDABCF000D4D700 /* Debug */ = {
			isa = XCBuildConfiguration;
			buildSettings = {
				PRODUCT_NAME = "$(TARGET_NAME)";
			};
			name = Debug;
		};
		38860B011BDABCF000D4D700 /* Release */ = {
			isa = XCBuildConfiguration;
			buildSettings = {
				PRODUCT_NAME = "$(TARGET_NAME)";
			};
			name = Release;
		};
/* End XCBuildConfiguration section */

/* Begin XCConfigurationList section */
		38860AF31BDABCF000D4D700 /* Build configuration list for PBXProject "ExpQuiz" */ = {
			isa = XCConfigurationList;
			buildConfigurations = (
				38860AFD1BDABCF000D4D700 /* Debug */,
				38860AFE1BDABCF000D4D700 /* Release */,
			);
			defaultConfigurationIsVisible = 0;
			defaultConfigurationName = Release;
		};
		38860AFF1BDABCF000D4D700 /* Build configuration list for PBXNativeTarget "ExpQuiz" */ = {
			isa = XCConfigurationList;
			buildConfigurations = (
				38860B001BDABCF000D4D700 /* Debug */,
				38860B011BDABCF000D4D700 /* Release */,
			);
			defaultConfigurationIsVisible = 0;
		};
/* End XCConfigurationList section */
	};
	rootObject = 38860AF01BDABCF000D4D700 /* Project object */;
}
