// !$*UTF8*$!
{
	archiveVersion = 1;
	classes = {
	};
	objectVersion = 46;
	objects = {

/* Begin PBXBuildFile section */
		38093DC31C61109E006E1AEA /* OpenGL.framework in Frameworks */ = {isa = PBXBuildFile; fileRef = 38093DC21C61109E006E1AEA /* OpenGL.framework */; };
		38093DC51C6110A5006E1AEA /* GLUT.framework in Frameworks */ = {isa = PBXBuildFile; fileRef = 38093DC41C6110A5006E1AEA /* GLUT.framework */; };
		38093DC71C61112F006E1AEA /* graphics1.cpp in Sources */ = {isa = PBXBuildFile; fileRef = 38093DC61C61112F006E1AEA /* graphics1.cpp */; };
/* End PBXBuildFile section */

/* Begin PBXCopyFilesBuildPhase section */
		38093DB61C61108F006E1AEA /* CopyFiles */ = {
			isa = PBXCopyFilesBuildPhase;
			buildActionMask = 2147483647;
			dstPath = /usr/share/man/man1/;
			dstSubfolderSpec = 0;
			files = (
			);
			runOnlyForDeploymentPostprocessing = 1;
		};
/* End PBXCopyFilesBuildPhase section */

/* Begin PBXFileReference section */
		38093DB81C61108F006E1AEA /* Sierpinskis */ = {isa = PBXFileReference; explicitFileType = "compiled.mach-o.executable"; includeInIndex = 0; path = Sierpinskis; sourceTree = BUILT_PRODUCTS_DIR; };
		38093DC21C61109E006E1AEA /* OpenGL.framework */ = {isa = PBXFileReference; lastKnownFileType = wrapper.framework; name = OpenGL.framework; path = System/Library/Frameworks/OpenGL.framework; sourceTree = SDKROOT; };
		38093DC41C6110A5006E1AEA /* GLUT.framework */ = {isa = PBXFileReference; lastKnownFileType = wrapper.framework; name = GLUT.framework; path = System/Library/Frameworks/GLUT.framework; sourceTree = SDKROOT; };
		38093DC61C61112F006E1AEA /* graphics1.cpp */ = {isa = PBXFileReference; fileEncoding = 4; lastKnownFileType = sourcecode.cpp.cpp; path = graphics1.cpp; sourceTree = "<group>"; };
/* End PBXFileReference section */

/* Begin PBXFrameworksBuildPhase section */
		38093DB51C61108F006E1AEA /* Frameworks */ = {
			isa = PBXFrameworksBuildPhase;
			buildActionMask = 2147483647;
			files = (
				38093DC51C6110A5006E1AEA /* GLUT.framework in Frameworks */,
				38093DC31C61109E006E1AEA /* OpenGL.framework in Frameworks */,
			);
			runOnlyForDeploymentPostprocessing = 0;
		};
/* End PBXFrameworksBuildPhase section */

/* Begin PBXGroup section */
		38093DAF1C61108F006E1AEA = {
			isa = PBXGroup;
			children = (
				38093DBA1C61108F006E1AEA /* Sierpinskis */,
				38093DB91C61108F006E1AEA /* Products */,
				38093DC41C6110A5006E1AEA /* GLUT.framework */,
				38093DC21C61109E006E1AEA /* OpenGL.framework */,
			);
			sourceTree = "<group>";
		};
		38093DB91C61108F006E1AEA /* Products */ = {
			isa = PBXGroup;
			children = (
				38093DB81C61108F006E1AEA /* Sierpinskis */,
			);
			name = Products;
			sourceTree = "<group>";
		};
		38093DBA1C61108F006E1AEA /* Sierpinskis */ = {
			isa = PBXGroup;
			children = (
				38093DC61C61112F006E1AEA /* graphics1.cpp */,
			);
			path = Sierpinskis;
			sourceTree = "<group>";
		};
/* End PBXGroup section */

/* Begin PBXNativeTarget section */
		38093DB71C61108F006E1AEA /* Sierpinskis */ = {
			isa = PBXNativeTarget;
			buildConfigurationList = 38093DBF1C61108F006E1AEA /* Build configuration list for PBXNativeTarget "Sierpinskis" */;
			buildPhases = (
				38093DB41C61108F006E1AEA /* Sources */,
				38093DB51C61108F006E1AEA /* Frameworks */,
				38093DB61C61108F006E1AEA /* CopyFiles */,
			);
			buildRules = (
			);
			dependencies = (
			);
			name = Sierpinskis;
			productName = Sierpinskis;
			productReference = 38093DB81C61108F006E1AEA /* Sierpinskis */;
			productType = "com.apple.product-type.tool";
		};
/* End PBXNativeTarget section */

/* Begin PBXProject section */
		38093DB01C61108F006E1AEA /* Project object */ = {
			isa = PBXProject;
			attributes = {
				LastUpgradeCheck = 0720;
				ORGANIZATIONNAME = CS3005;
				TargetAttributes = {
					38093DB71C61108F006E1AEA = {
						CreatedOnToolsVersion = 7.2;
					};
				};
			};
			buildConfigurationList = 38093DB31C61108F006E1AEA /* Build configuration list for PBXProject "Sierpinskis" */;
			compatibilityVersion = "Xcode 3.2";
			developmentRegion = English;
			hasScannedForEncodings = 0;
			knownRegions = (
				en,
			);
			mainGroup = 38093DAF1C61108F006E1AEA;
			productRefGroup = 38093DB91C61108F006E1AEA /* Products */;
			projectDirPath = "";
			projectRoot = "";
			targets = (
				38093DB71C61108F006E1AEA /* Sierpinskis */,
			);
		};
/* End PBXProject section */

/* Begin PBXSourcesBuildPhase section */
		38093DB41C61108F006E1AEA /* Sources */ = {
			isa = PBXSourcesBuildPhase;
			buildActionMask = 2147483647;
			files = (
				38093DC71C61112F006E1AEA /* graphics1.cpp in Sources */,
			);
			runOnlyForDeploymentPostprocessing = 0;
		};
/* End PBXSourcesBuildPhase section */

/* Begin XCBuildConfiguration section */
		38093DBD1C61108F006E1AEA /* Debug */ = {
			isa = XCBuildConfiguration;
			buildSettings = {
				ALWAYS_SEARCH_USER_PATHS = NO;
				CLANG_CXX_LANGUAGE_STANDARD = "gnu++0x";
				CLANG_CXX_LIBRARY = "libc++";
				CLANG_ENABLE_MODULES = YES;
				CLANG_ENABLE_OBJC_ARC = YES;
				CLANG_WARN_BOOL_CONVERSION = YES;
				CLANG_WARN_CONSTANT_CONVERSION = YES;
				CLANG_WARN_DIRECT_OBJC_ISA_USAGE = YES_ERROR;
				CLANG_WARN_EMPTY_BODY = YES;
				CLANG_WARN_ENUM_CONVERSION = YES;
				CLANG_WARN_INT_CONVERSION = YES;
				CLANG_WARN_OBJC_ROOT_CLASS = YES_ERROR;
				CLANG_WARN_UNREACHABLE_CODE = YES;
				CLANG_WARN__DUPLICATE_METHOD_MATCH = YES;
				CODE_SIGN_IDENTITY = "-";
				COPY_PHASE_STRIP = NO;
				DEBUG_INFORMATION_FORMAT = dwarf;
				ENABLE_STRICT_OBJC_MSGSEND = YES;
				ENABLE_TESTABILITY = YES;
				GCC_C_LANGUAGE_STANDARD = gnu99;
				GCC_DYNAMIC_NO_PIC = NO;
				GCC_NO_COMMON_BLOCKS = YES;
				GCC_OPTIMIZATION_LEVEL = 0;
				GCC_PREPROCESSOR_DEFINITIONS = (
					"DEBUG=1",
					"$(inherited)",
				);
				GCC_WARN_64_TO_32_BIT_CONVERSION = YES;
				GCC_WARN_ABOUT_RETURN_TYPE = YES_ERROR;
				GCC_WARN_UNDECLARED_SELECTOR = YES;
				GCC_WARN_UNINITIALIZED_AUTOS = YES_AGGRESSIVE;
				GCC_WARN_UNUSED_FUNCTION = YES;
				GCC_WARN_UNUSED_VARIABLE = YES;
				MACOSX_DEPLOYMENT_TARGET = 10.11;
				MTL_ENABLE_DEBUG_INFO = YES;
				ONLY_ACTIVE_ARCH = YES;
				SDKROOT = macosx;
			};
			name = Debug;
		};
		38093DBE1C61108F006E1AEA /* Release */ = {
			isa = XCBuildConfiguration;
			buildSettings = {
				ALWAYS_SEARCH_USER_PATHS = NO;
				CLANG_CXX_LANGUAGE_STANDARD = "gnu++0x";
				CLANG_CXX_LIBRARY = "libc++";
				CLANG_ENABLE_MODULES = YES;
				CLANG_ENABLE_OBJC_ARC = YES;
				CLANG_WARN_BOOL_CONVERSION = YES;
				CLANG_WARN_CONSTANT_CONVERSION = YES;
				CLANG_WARN_DIRECT_OBJC_ISA_USAGE = YES_ERROR;
				CLANG_WARN_EMPTY_BODY = YES;
				CLANG_WARN_ENUM_CONVERSION = YES;
				CLANG_WARN_INT_CONVERSION = YES;
				CLANG_WARN_OBJC_ROOT_CLASS = YES_ERROR;
				CLANG_WARN_UNREACHABLE_CODE = YES;
				CLANG_WARN__DUPLICATE_METHOD_MATCH = YES;
				CODE_SIGN_IDENTITY = "-";
				COPY_PHASE_STRIP = NO;
				DEBUG_INFORMATION_FORMAT = "dwarf-with-dsym";
				ENABLE_NS_ASSERTIONS = NO;
				ENABLE_STRICT_OBJC_MSGSEND = YES;
				GCC_C_LANGUAGE_STANDARD = gnu99;
				GCC_NO_COMMON_BLOCKS = YES;
				GCC_WARN_64_TO_32_BIT_CONVERSION = YES;
				GCC_WARN_ABOUT_RETURN_TYPE = YES_ERROR;
				GCC_WARN_UNDECLARED_SELECTOR = YES;
				GCC_WARN_UNINITIALIZED_AUTOS = YES_AGGRESSIVE;
				GCC_WARN_UNUSED_FUNCTION = YES;
				GCC_WARN_UNUSED_VARIABLE = YES;
				MACOSX_DEPLOYMENT_TARGET = 10.11;
				MTL_ENABLE_DEBUG_INFO = NO;
				SDKROOT = macosx;
			};
			name = Release;
		};
		38093DC01C61108F006E1AEA /* Debug */ = {
			isa = XCBuildConfiguration;
			buildSettings = {
				PRODUCT_NAME = "$(TARGET_NAME)";
			};
			name = Debug;
		};
		38093DC11C61108F006E1AEA /* Release */ = {
			isa = XCBuildConfiguration;
			buildSettings = {
				PRODUCT_NAME = "$(TARGET_NAME)";
			};
			name = Release;
		};
/* End XCBuildConfiguration section */

/* Begin XCConfigurationList section */
		38093DB31C61108F006E1AEA /* Build configuration list for PBXProject "Sierpinskis" */ = {
			isa = XCConfigurationList;
			buildConfigurations = (
				38093DBD1C61108F006E1AEA /* Debug */,
				38093DBE1C61108F006E1AEA /* Release */,
			);
			defaultConfigurationIsVisible = 0;
			defaultConfigurationName = Release;
		};
		38093DBF1C61108F006E1AEA /* Build configuration list for PBXNativeTarget "Sierpinskis" */ = {
			isa = XCConfigurationList;
			buildConfigurations = (
				38093DC01C61108F006E1AEA /* Debug */,
				38093DC11C61108F006E1AEA /* Release */,
			);
			defaultConfigurationIsVisible = 0;
		};
/* End XCConfigurationList section */
	};
	rootObject = 38093DB01C61108F006E1AEA /* Project object */;
}
