// !$*UTF8*$!
{
	archiveVersion = 1;
	classes = {
	};
	objectVersion = 46;
	objects = {

/* Begin PBXBuildFile section */
		383AB17B1BB9A3A500C913E8 /* main.cpp in Sources */ = {isa = PBXBuildFile; fileRef = 383AB17A1BB9A3A500C913E8 /* main.cpp */; };
		383AB1831BB9A3DA00C913E8 /* Rational.cpp in Sources */ = {isa = PBXBuildFile; fileRef = 383AB1821BB9A3DA00C913E8 /* Rational.cpp */; settings = {ASSET_TAGS = (); }; };
/* End PBXBuildFile section */

/* Begin PBXCopyFilesBuildPhase section */
		383AB1751BB9A3A500C913E8 /* CopyFiles */ = {
			isa = PBXCopyFilesBuildPhase;
			buildActionMask = 2147483647;
			dstPath = /usr/share/man/man1/;
			dstSubfolderSpec = 0;
			files = (
			);
			runOnlyForDeploymentPostprocessing = 1;
		};
/* End PBXCopyFilesBuildPhase section */

/* Begin PBXFileReference section */
		383AB1771BB9A3A500C913E8 /* Rational */ = {isa = PBXFileReference; explicitFileType = "compiled.mach-o.executable"; includeInIndex = 0; path = Rational; sourceTree = BUILT_PRODUCTS_DIR; };
		383AB17A1BB9A3A500C913E8 /* main.cpp */ = {isa = PBXFileReference; lastKnownFileType = sourcecode.cpp.cpp; path = main.cpp; sourceTree = "<group>"; };
		383AB1811BB9A3C300C913E8 /* Rational.h */ = {isa = PBXFileReference; lastKnownFileType = sourcecode.c.h; path = Rational.h; sourceTree = "<group>"; };
		383AB1821BB9A3DA00C913E8 /* Rational.cpp */ = {isa = PBXFileReference; fileEncoding = 4; lastKnownFileType = sourcecode.cpp.cpp; path = Rational.cpp; sourceTree = "<group>"; };
/* End PBXFileReference section */

/* Begin PBXFrameworksBuildPhase section */
		383AB1741BB9A3A500C913E8 /* Frameworks */ = {
			isa = PBXFrameworksBuildPhase;
			buildActionMask = 2147483647;
			files = (
			);
			runOnlyForDeploymentPostprocessing = 0;
		};
/* End PBXFrameworksBuildPhase section */

/* Begin PBXGroup section */
		383AB16E1BB9A3A500C913E8 = {
			isa = PBXGroup;
			children = (
				383AB1791BB9A3A500C913E8 /* Rational */,
				383AB1781BB9A3A500C913E8 /* Products */,
			);
			sourceTree = "<group>";
		};
		383AB1781BB9A3A500C913E8 /* Products */ = {
			isa = PBXGroup;
			children = (
				383AB1771BB9A3A500C913E8 /* Rational */,
			);
			name = Products;
			sourceTree = "<group>";
		};
		383AB1791BB9A3A500C913E8 /* Rational */ = {
			isa = PBXGroup;
			children = (
				383AB17A1BB9A3A500C913E8 /* main.cpp */,
				383AB1811BB9A3C300C913E8 /* Rational.h */,
				383AB1821BB9A3DA00C913E8 /* Rational.cpp */,
			);
			path = Rational;
			sourceTree = "<group>";
		};
/* End PBXGroup section */

/* Begin PBXNativeTarget section */
		383AB1761BB9A3A500C913E8 /* Rational */ = {
			isa = PBXNativeTarget;
			buildConfigurationList = 383AB17E1BB9A3A500C913E8 /* Build configuration list for PBXNativeTarget "Rational" */;
			buildPhases = (
				383AB1731BB9A3A500C913E8 /* Sources */,
				383AB1741BB9A3A500C913E8 /* Frameworks */,
				383AB1751BB9A3A500C913E8 /* CopyFiles */,
			);
			buildRules = (
			);
			dependencies = (
			);
			name = Rational;
			productName = Rational;
			productReference = 383AB1771BB9A3A500C913E8 /* Rational */;
			productType = "com.apple.product-type.tool";
		};
/* End PBXNativeTarget section */

/* Begin PBXProject section */
		383AB16F1BB9A3A500C913E8 /* Project object */ = {
			isa = PBXProject;
			attributes = {
				LastUpgradeCheck = 0700;
				ORGANIZATIONNAME = CS3005;
				TargetAttributes = {
					383AB1761BB9A3A500C913E8 = {
						CreatedOnToolsVersion = 7.0;
					};
				};
			};
			buildConfigurationList = 383AB1721BB9A3A500C913E8 /* Build configuration list for PBXProject "Rational" */;
			compatibilityVersion = "Xcode 3.2";
			developmentRegion = English;
			hasScannedForEncodings = 0;
			knownRegions = (
				en,
			);
			mainGroup = 383AB16E1BB9A3A500C913E8;
			productRefGroup = 383AB1781BB9A3A500C913E8 /* Products */;
			projectDirPath = "";
			projectRoot = "";
			targets = (
				383AB1761BB9A3A500C913E8 /* Rational */,
			);
		};
/* End PBXProject section */

/* Begin PBXSourcesBuildPhase section */
		383AB1731BB9A3A500C913E8 /* Sources */ = {
			isa = PBXSourcesBuildPhase;
			buildActionMask = 2147483647;
			files = (
				383AB17B1BB9A3A500C913E8 /* main.cpp in Sources */,
				383AB1831BB9A3DA00C913E8 /* Rational.cpp in Sources */,
			);
			runOnlyForDeploymentPostprocessing = 0;
		};
/* End PBXSourcesBuildPhase section */

/* Begin XCBuildConfiguration section */
		383AB17C1BB9A3A500C913E8 /* Debug */ = {
			isa = XCBuildConfiguration;
			buildSettings = {
				ALWAYS_SEARCH_USER_PATHS = NO;
				CLANG_CXX_LANGUAGE_STANDARD = "gnu++0x";
				CLANG_CXX_LIBRARY = "libc++";
				CLANG_ENABLE_MODULES = YES;
				CLANG_ENABLE_OBJC_ARC = YES;
				CLANG_WARN_BOOL_CONVERSION = YES;
				CLANG_WARN_CONSTANT_CONVERSION = YES;
				CLANG_WARN_DIRECT_OBJC_ISA_USAGE = YES_ERROR;
				CLANG_WARN_EMPTY_BODY = YES;
				CLANG_WARN_ENUM_CONVERSION = YES;
				CLANG_WARN_INT_CONVERSION = YES;
				CLANG_WARN_OBJC_ROOT_CLASS = YES_ERROR;
				CLANG_WARN_UNREACHABLE_CODE = YES;
				CLANG_WARN__DUPLICATE_METHOD_MATCH = YES;
				COPY_PHASE_STRIP = NO;
				DEBUG_INFORMATION_FORMAT = dwarf;
				ENABLE_STRICT_OBJC_MSGSEND = YES;
				ENABLE_TESTABILITY = YES;
				GCC_C_LANGUAGE_STANDARD = gnu99;
				GCC_DYNAMIC_NO_PIC = NO;
				GCC_NO_COMMON_BLOCKS = YES;
				GCC_OPTIMIZATION_LEVEL = 0;
				GCC_PREPROCESSOR_DEFINITIONS = (
					"DEBUG=1",
					"$(inherited)",
				);
				GCC_WARN_64_TO_32_BIT_CONVERSION = YES;
				GCC_WARN_ABOUT_RETURN_TYPE = YES_ERROR;
				GCC_WARN_UNDECLARED_SELECTOR = YES;
				GCC_WARN_UNINITIALIZED_AUTOS = YES_AGGRESSIVE;
				GCC_WARN_UNUSED_FUNCTION = YES;
				GCC_WARN_UNUSED_VARIABLE = YES;
				MACOSX_DEPLOYMENT_TARGET = 10.10;
				MTL_ENABLE_DEBUG_INFO = YES;
				ONLY_ACTIVE_ARCH = YES;
				SDKROOT = macosx;
			};
			name = Debug;
		};
		383AB17D1BB9A3A500C913E8 /* Release */ = {
			isa = XCBuildConfiguration;
			buildSettings = {
				ALWAYS_SEARCH_USER_PATHS = NO;
				CLANG_CXX_LANGUAGE_STANDARD = "gnu++0x";
				CLANG_CXX_LIBRARY = "libc++";
				CLANG_ENABLE_MODULES = YES;
				CLANG_ENABLE_OBJC_ARC = YES;
				CLANG_WARN_BOOL_CONVERSION = YES;
				CLANG_WARN_CONSTANT_CONVERSION = YES;
				CLANG_WARN_DIRECT_OBJC_ISA_USAGE = YES_ERROR;
				CLANG_WARN_EMPTY_BODY = YES;
				CLANG_WARN_ENUM_CONVERSION = YES;
				CLANG_WARN_INT_CONVERSION = YES;
				CLANG_WARN_OBJC_ROOT_CLASS = YES_ERROR;
				CLANG_WARN_UNREACHABLE_CODE = YES;
				CLANG_WARN__DUPLICATE_METHOD_MATCH = YES;
				COPY_PHASE_STRIP = NO;
				DEBUG_INFORMATION_FORMAT = "dwarf-with-dsym";
				ENABLE_NS_ASSERTIONS = NO;
				ENABLE_STRICT_OBJC_MSGSEND = YES;
				GCC_C_LANGUAGE_STANDARD = gnu99;
				GCC_NO_COMMON_BLOCKS = YES;
				GCC_WARN_64_TO_32_BIT_CONVERSION = YES;
				GCC_WARN_ABOUT_RETURN_TYPE = YES_ERROR;
				GCC_WARN_UNDECLARED_SELECTOR = YES;
				GCC_WARN_UNINITIALIZED_AUTOS = YES_AGGRESSIVE;
				GCC_WARN_UNUSED_FUNCTION = YES;
				GCC_WARN_UNUSED_VARIABLE = YES;
				MACOSX_DEPLOYMENT_TARGET = 10.10;
				MTL_ENABLE_DEBUG_INFO = NO;
				SDKROOT = macosx;
			};
			name = Release;
		};
		383AB17F1BB9A3A500C913E8 /* Debug */ = {
			isa = XCBuildConfiguration;
			buildSettings = {
				PRODUCT_NAME = "$(TARGET_NAME)";
			};
			name = Debug;
		};
		383AB1801BB9A3A500C913E8 /* Release */ = {
			isa = XCBuildConfiguration;
			buildSettings = {
				PRODUCT_NAME = "$(TARGET_NAME)";
			};
			name = Release;
		};
/* End XCBuildConfiguration section */

/* Begin XCConfigurationList section */
		383AB1721BB9A3A500C913E8 /* Build configuration list for PBXProject "Rational" */ = {
			isa = XCConfigurationList;
			buildConfigurations = (
				383AB17C1BB9A3A500C913E8 /* Debug */,
				383AB17D1BB9A3A500C913E8 /* Release */,
			);
			defaultConfigurationIsVisible = 0;
			defaultConfigurationName = Release;
		};
		383AB17E1BB9A3A500C913E8 /* Build configuration list for PBXNativeTarget "Rational" */ = {
			isa = XCConfigurationList;
			buildConfigurations = (
				383AB17F1BB9A3A500C913E8 /* Debug */,
				383AB1801BB9A3A500C913E8 /* Release */,
			);
			defaultConfigurationIsVisible = 0;
		};
/* End XCConfigurationList section */
	};
	rootObject = 383AB16F1BB9A3A500C913E8 /* Project object */;
}
