// !$*UTF8*$!
{
	archiveVersion = 1;
	classes = {
	};
	objectVersion = 46;
	objects = {

/* Begin PBXBuildFile section */
		380694E31C7ABE0800C28E77 /* Symbol.cpp in Sources */ = {isa = PBXBuildFile; fileRef = 380694E21C7ABE0800C28E77 /* Symbol.cpp */; };
		38093DFE1C61B9CA006E1AEA /* main.cpp in Sources */ = {isa = PBXBuildFile; fileRef = 38093DFD1C61B9CA006E1AEA /* main.cpp */; };
		38093E051C61B9E5006E1AEA /* Token.cpp in Sources */ = {isa = PBXBuildFile; fileRef = 38093E041C61B9E5006E1AEA /* Token.cpp */; };
		38188EB41C622B2C002AB5FB /* Scanner.cpp in Sources */ = {isa = PBXBuildFile; fileRef = 38188EB31C622B2C002AB5FB /* Scanner.cpp */; };
		384861681C98BEE700D84FC9 /* ExpressionNode.cpp in Sources */ = {isa = PBXBuildFile; fileRef = 384861671C98BEE700D84FC9 /* ExpressionNode.cpp */; };
		3848616A1C98CF3000D84FC9 /* ExponentNode.cpp in Sources */ = {isa = PBXBuildFile; fileRef = 384861691C98CF3000D84FC9 /* ExponentNode.cpp */; };
		3848616C1C98DA3300D84FC9 /* DoWhileNode.cpp in Sources */ = {isa = PBXBuildFile; fileRef = 3848616B1C98DA3300D84FC9 /* DoWhileNode.cpp */; };
		3848616E1C98E7EE00D84FC9 /* IfStatementNode.cpp in Sources */ = {isa = PBXBuildFile; fileRef = 3848616D1C98E7EE00D84FC9 /* IfStatementNode.cpp */; };
		384861701C98E84900D84FC9 /* MinusEqualNode.cpp in Sources */ = {isa = PBXBuildFile; fileRef = 3848616F1C98E84900D84FC9 /* MinusEqualNode.cpp */; };
		384861721C98EACC00D84FC9 /* PlusEqualNode.cpp in Sources */ = {isa = PBXBuildFile; fileRef = 384861711C98EACC00D84FC9 /* PlusEqualNode.cpp */; };
		384861741C98EB9500D84FC9 /* RepeatStatementNode.cpp in Sources */ = {isa = PBXBuildFile; fileRef = 384861731C98EB9500D84FC9 /* RepeatStatementNode.cpp */; };
		384861761C98EC4600D84FC9 /* WhileStatementNode.cpp in Sources */ = {isa = PBXBuildFile; fileRef = 384861751C98EC4600D84FC9 /* WhileStatementNode.cpp */; };
		388F1ED61C876F8300BB930E /* Parser.cpp in Sources */ = {isa = PBXBuildFile; fileRef = 388F1ED51C876F8300BB930E /* Parser.cpp */; };
		38B9E3B51C87F91900EBBE7D /* NotNode.cpp in Sources */ = {isa = PBXBuildFile; fileRef = 38B9E3B41C87F91900EBBE7D /* NotNode.cpp */; };
		38E80F781C622F94004B8E68 /* StateMachine.cpp in Sources */ = {isa = PBXBuildFile; fileRef = 38093E071C61C60F006E1AEA /* StateMachine.cpp */; };
		38FFF1C41C86B9AB0039B214 /* Node.cpp in Sources */ = {isa = PBXBuildFile; fileRef = 38FFF1C31C86B9AB0039B214 /* Node.cpp */; };
		38FFF1C61C86BFB60039B214 /* StartNode.cpp in Sources */ = {isa = PBXBuildFile; fileRef = 38FFF1C51C86BFB60039B214 /* StartNode.cpp */; };
		38FFF1CC1C86C0D00039B214 /* ProgramNode.cpp in Sources */ = {isa = PBXBuildFile; fileRef = 38FFF1CB1C86C0D00039B214 /* ProgramNode.cpp */; };
		38FFF1CE1C86C1560039B214 /* BlockNode.cpp in Sources */ = {isa = PBXBuildFile; fileRef = 38FFF1CD1C86C1560039B214 /* BlockNode.cpp */; };
		38FFF1D01C86C2AC0039B214 /* StatementGroupNode.cpp in Sources */ = {isa = PBXBuildFile; fileRef = 38FFF1CF1C86C2AC0039B214 /* StatementGroupNode.cpp */; };
		38FFF1D21C86C6550039B214 /* StatementNode.cpp in Sources */ = {isa = PBXBuildFile; fileRef = 38FFF1D11C86C6550039B214 /* StatementNode.cpp */; };
		38FFF1D41C86C7C40039B214 /* DeclarationStatementNode.cpp in Sources */ = {isa = PBXBuildFile; fileRef = 38FFF1D31C86C7C40039B214 /* DeclarationStatementNode.cpp */; };
		38FFF1D61C86C9530039B214 /* AssignmentStatementNode.cpp in Sources */ = {isa = PBXBuildFile; fileRef = 38FFF1D51C86C9530039B214 /* AssignmentStatementNode.cpp */; };
		38FFF1D81C86CA7B0039B214 /* CoutStatementNode.cpp in Sources */ = {isa = PBXBuildFile; fileRef = 38FFF1D71C86CA7B0039B214 /* CoutStatementNode.cpp */; };
		38FFF1DA1C86CBCB0039B214 /* IntegerNode.cpp in Sources */ = {isa = PBXBuildFile; fileRef = 38FFF1D91C86CBCB0039B214 /* IntegerNode.cpp */; };
		38FFF1DC1C86CD490039B214 /* IdentifierNode.cpp in Sources */ = {isa = PBXBuildFile; fileRef = 38FFF1DB1C86CD490039B214 /* IdentifierNode.cpp */; };
		38FFF1DE1C86CFE20039B214 /* BinaryOperatorNode.cpp in Sources */ = {isa = PBXBuildFile; fileRef = 38FFF1DD1C86CFE20039B214 /* BinaryOperatorNode.cpp */; };
		38FFF1E01C86D0CC0039B214 /* PlusNode.cpp in Sources */ = {isa = PBXBuildFile; fileRef = 38FFF1DF1C86D0CC0039B214 /* PlusNode.cpp */; };
		38FFF1E21C86D6020039B214 /* MinusNode.cpp in Sources */ = {isa = PBXBuildFile; fileRef = 38FFF1E11C86D6020039B214 /* MinusNode.cpp */; };
		38FFF1E41C86D60D0039B214 /* TimesNode.cpp in Sources */ = {isa = PBXBuildFile; fileRef = 38FFF1E31C86D60D0039B214 /* TimesNode.cpp */; };
		38FFF1E61C86D61A0039B214 /* DivideNode.cpp in Sources */ = {isa = PBXBuildFile; fileRef = 38FFF1E51C86D61A0039B214 /* DivideNode.cpp */; };
/* End PBXBuildFile section */

/* Begin PBXCopyFilesBuildPhase section */
		38093DF81C61B9CA006E1AEA /* CopyFiles */ = {
			isa = PBXCopyFilesBuildPhase;
			buildActionMask = 2147483647;
			dstPath = /usr/share/man/man1/;
			dstSubfolderSpec = 0;
			files = (
			);
			runOnlyForDeploymentPostprocessing = 1;
		};
/* End PBXCopyFilesBuildPhase section */

/* Begin PBXFileReference section */
		380694E01C7AB43400C28E77 /* debug.h */ = {isa = PBXFileReference; lastKnownFileType = sourcecode.c.h; path = debug.h; sourceTree = "<group>"; };
		380694E11C7ABDFF00C28E77 /* Symbol.h */ = {isa = PBXFileReference; lastKnownFileType = sourcecode.c.h; path = Symbol.h; sourceTree = "<group>"; };
		380694E21C7ABE0800C28E77 /* Symbol.cpp */ = {isa = PBXFileReference; fileEncoding = 4; lastKnownFileType = sourcecode.cpp.cpp; path = Symbol.cpp; sourceTree = "<group>"; };
		38093DFA1C61B9CA006E1AEA /* Compiler */ = {isa = PBXFileReference; explicitFileType = "compiled.mach-o.executable"; includeInIndex = 0; path = Compiler; sourceTree = BUILT_PRODUCTS_DIR; };
		38093DFD1C61B9CA006E1AEA /* main.cpp */ = {isa = PBXFileReference; lastKnownFileType = sourcecode.cpp.cpp; path = main.cpp; sourceTree = "<group>"; };
		38093E041C61B9E5006E1AEA /* Token.cpp */ = {isa = PBXFileReference; fileEncoding = 4; lastKnownFileType = sourcecode.cpp.cpp; path = Token.cpp; sourceTree = "<group>"; };
		38093E061C61B9ED006E1AEA /* Token.h */ = {isa = PBXFileReference; lastKnownFileType = sourcecode.c.h; path = Token.h; sourceTree = "<group>"; };
		38093E071C61C60F006E1AEA /* StateMachine.cpp */ = {isa = PBXFileReference; fileEncoding = 4; lastKnownFileType = sourcecode.cpp.cpp; path = StateMachine.cpp; sourceTree = "<group>"; };
		38093E091C61C619006E1AEA /* StateMachine.h */ = {isa = PBXFileReference; lastKnownFileType = sourcecode.c.h; path = StateMachine.h; sourceTree = "<group>"; };
		38188EAF1C61FEC7002AB5FB /* Scanner.h */ = {isa = PBXFileReference; lastKnownFileType = sourcecode.c.h; path = Scanner.h; sourceTree = "<group>"; };
		38188EB01C621979002AB5FB /* test.txt */ = {isa = PBXFileReference; lastKnownFileType = text; path = test.txt; sourceTree = "<group>"; };
		38188EB31C622B2C002AB5FB /* Scanner.cpp */ = {isa = PBXFileReference; fileEncoding = 4; lastKnownFileType = sourcecode.cpp.cpp; path = Scanner.cpp; sourceTree = "<group>"; };
		384861671C98BEE700D84FC9 /* ExpressionNode.cpp */ = {isa = PBXFileReference; fileEncoding = 4; lastKnownFileType = sourcecode.cpp.cpp; path = ExpressionNode.cpp; sourceTree = "<group>"; };
		384861691C98CF3000D84FC9 /* ExponentNode.cpp */ = {isa = PBXFileReference; fileEncoding = 4; lastKnownFileType = sourcecode.cpp.cpp; path = ExponentNode.cpp; sourceTree = "<group>"; };
		3848616B1C98DA3300D84FC9 /* DoWhileNode.cpp */ = {isa = PBXFileReference; fileEncoding = 4; lastKnownFileType = sourcecode.cpp.cpp; path = DoWhileNode.cpp; sourceTree = "<group>"; };
		3848616D1C98E7EE00D84FC9 /* IfStatementNode.cpp */ = {isa = PBXFileReference; fileEncoding = 4; lastKnownFileType = sourcecode.cpp.cpp; path = IfStatementNode.cpp; sourceTree = "<group>"; };
		3848616F1C98E84900D84FC9 /* MinusEqualNode.cpp */ = {isa = PBXFileReference; fileEncoding = 4; lastKnownFileType = sourcecode.cpp.cpp; path = MinusEqualNode.cpp; sourceTree = "<group>"; };
		384861711C98EACC00D84FC9 /* PlusEqualNode.cpp */ = {isa = PBXFileReference; fileEncoding = 4; lastKnownFileType = sourcecode.cpp.cpp; path = PlusEqualNode.cpp; sourceTree = "<group>"; };
		384861731C98EB9500D84FC9 /* RepeatStatementNode.cpp */ = {isa = PBXFileReference; fileEncoding = 4; lastKnownFileType = sourcecode.cpp.cpp; path = RepeatStatementNode.cpp; sourceTree = "<group>"; };
		384861751C98EC4600D84FC9 /* WhileStatementNode.cpp */ = {isa = PBXFileReference; fileEncoding = 4; lastKnownFileType = sourcecode.cpp.cpp; path = WhileStatementNode.cpp; sourceTree = "<group>"; };
		388F1ED51C876F8300BB930E /* Parser.cpp */ = {isa = PBXFileReference; fileEncoding = 4; lastKnownFileType = sourcecode.cpp.cpp; path = Parser.cpp; sourceTree = "<group>"; };
		388F1ED71C876F8D00BB930E /* Parser.h */ = {isa = PBXFileReference; lastKnownFileType = sourcecode.c.h; path = Parser.h; sourceTree = "<group>"; };
		38B9E3B41C87F91900EBBE7D /* NotNode.cpp */ = {isa = PBXFileReference; fileEncoding = 4; lastKnownFileType = sourcecode.cpp.cpp; path = NotNode.cpp; sourceTree = "<group>"; };
		38FFF1C21C86B99E0039B214 /* Node.h */ = {isa = PBXFileReference; lastKnownFileType = sourcecode.c.h; path = Node.h; sourceTree = "<group>"; };
		38FFF1C31C86B9AB0039B214 /* Node.cpp */ = {isa = PBXFileReference; fileEncoding = 4; lastKnownFileType = sourcecode.cpp.cpp; path = Node.cpp; sourceTree = "<group>"; };
		38FFF1C51C86BFB60039B214 /* StartNode.cpp */ = {isa = PBXFileReference; fileEncoding = 4; lastKnownFileType = sourcecode.cpp.cpp; path = StartNode.cpp; sourceTree = "<group>"; };
		38FFF1CB1C86C0D00039B214 /* ProgramNode.cpp */ = {isa = PBXFileReference; fileEncoding = 4; lastKnownFileType = sourcecode.cpp.cpp; path = ProgramNode.cpp; sourceTree = "<group>"; };
		38FFF1CD1C86C1560039B214 /* BlockNode.cpp */ = {isa = PBXFileReference; fileEncoding = 4; lastKnownFileType = sourcecode.cpp.cpp; path = BlockNode.cpp; sourceTree = "<group>"; };
		38FFF1CF1C86C2AC0039B214 /* StatementGroupNode.cpp */ = {isa = PBXFileReference; fileEncoding = 4; lastKnownFileType = sourcecode.cpp.cpp; path = StatementGroupNode.cpp; sourceTree = "<group>"; };
		38FFF1D11C86C6550039B214 /* StatementNode.cpp */ = {isa = PBXFileReference; fileEncoding = 4; lastKnownFileType = sourcecode.cpp.cpp; path = StatementNode.cpp; sourceTree = "<group>"; };
		38FFF1D31C86C7C40039B214 /* DeclarationStatementNode.cpp */ = {isa = PBXFileReference; fileEncoding = 4; lastKnownFileType = sourcecode.cpp.cpp; path = DeclarationStatementNode.cpp; sourceTree = "<group>"; };
		38FFF1D51C86C9530039B214 /* AssignmentStatementNode.cpp */ = {isa = PBXFileReference; fileEncoding = 4; lastKnownFileType = sourcecode.cpp.cpp; path = AssignmentStatementNode.cpp; sourceTree = "<group>"; };
		38FFF1D71C86CA7B0039B214 /* CoutStatementNode.cpp */ = {isa = PBXFileReference; fileEncoding = 4; lastKnownFileType = sourcecode.cpp.cpp; path = CoutStatementNode.cpp; sourceTree = "<group>"; };
		38FFF1D91C86CBCB0039B214 /* IntegerNode.cpp */ = {isa = PBXFileReference; fileEncoding = 4; lastKnownFileType = sourcecode.cpp.cpp; path = IntegerNode.cpp; sourceTree = "<group>"; };
		38FFF1DB1C86CD490039B214 /* IdentifierNode.cpp */ = {isa = PBXFileReference; fileEncoding = 4; lastKnownFileType = sourcecode.cpp.cpp; path = IdentifierNode.cpp; sourceTree = "<group>"; };
		38FFF1DD1C86CFE20039B214 /* BinaryOperatorNode.cpp */ = {isa = PBXFileReference; fileEncoding = 4; lastKnownFileType = sourcecode.cpp.cpp; path = BinaryOperatorNode.cpp; sourceTree = "<group>"; };
		38FFF1DF1C86D0CC0039B214 /* PlusNode.cpp */ = {isa = PBXFileReference; fileEncoding = 4; lastKnownFileType = sourcecode.cpp.cpp; path = PlusNode.cpp; sourceTree = "<group>"; };
		38FFF1E11C86D6020039B214 /* MinusNode.cpp */ = {isa = PBXFileReference; fileEncoding = 4; lastKnownFileType = sourcecode.cpp.cpp; path = MinusNode.cpp; sourceTree = "<group>"; };
		38FFF1E31C86D60D0039B214 /* TimesNode.cpp */ = {isa = PBXFileReference; fileEncoding = 4; lastKnownFileType = sourcecode.cpp.cpp; path = TimesNode.cpp; sourceTree = "<group>"; };
		38FFF1E51C86D61A0039B214 /* DivideNode.cpp */ = {isa = PBXFileReference; fileEncoding = 4; lastKnownFileType = sourcecode.cpp.cpp; path = DivideNode.cpp; sourceTree = "<group>"; };
/* End PBXFileReference section */

/* Begin PBXFrameworksBuildPhase section */
		38093DF71C61B9CA006E1AEA /* Frameworks */ = {
			isa = PBXFrameworksBuildPhase;
			buildActionMask = 2147483647;
			files = (
			);
			runOnlyForDeploymentPostprocessing = 0;
		};
/* End PBXFrameworksBuildPhase section */

/* Begin PBXGroup section */
		38093DF11C61B9CA006E1AEA = {
			isa = PBXGroup;
			children = (
				38093DFC1C61B9CA006E1AEA /* Compiler */,
				38093DFB1C61B9CA006E1AEA /* Products */,
			);
			sourceTree = "<group>";
		};
		38093DFB1C61B9CA006E1AEA /* Products */ = {
			isa = PBXGroup;
			children = (
				38093DFA1C61B9CA006E1AEA /* Compiler */,
			);
			name = Products;
			sourceTree = "<group>";
		};
		38093DFC1C61B9CA006E1AEA /* Compiler */ = {
			isa = PBXGroup;
			children = (
				38188EB01C621979002AB5FB /* test.txt */,
				38093DFD1C61B9CA006E1AEA /* main.cpp */,
				38093E041C61B9E5006E1AEA /* Token.cpp */,
				38093E061C61B9ED006E1AEA /* Token.h */,
				38093E071C61C60F006E1AEA /* StateMachine.cpp */,
				38093E091C61C619006E1AEA /* StateMachine.h */,
				38188EAF1C61FEC7002AB5FB /* Scanner.h */,
				38188EB31C622B2C002AB5FB /* Scanner.cpp */,
				380694E01C7AB43400C28E77 /* debug.h */,
				380694E11C7ABDFF00C28E77 /* Symbol.h */,
				380694E21C7ABE0800C28E77 /* Symbol.cpp */,
				38FFF1C21C86B99E0039B214 /* Node.h */,
				38FFF1C31C86B9AB0039B214 /* Node.cpp */,
				388F1ED71C876F8D00BB930E /* Parser.h */,
				388F1ED51C876F8300BB930E /* Parser.cpp */,
				38FFF1CA1C86C0AF0039B214 /* Nodes */,
			);
			path = Compiler;
			sourceTree = "<group>";
		};
		38FFF1CA1C86C0AF0039B214 /* Nodes */ = {
			isa = PBXGroup;
			children = (
				38FFF1D51C86C9530039B214 /* AssignmentStatementNode.cpp */,
				38FFF1DD1C86CFE20039B214 /* BinaryOperatorNode.cpp */,
				38FFF1CD1C86C1560039B214 /* BlockNode.cpp */,
				38FFF1D71C86CA7B0039B214 /* CoutStatementNode.cpp */,
				38FFF1D31C86C7C40039B214 /* DeclarationStatementNode.cpp */,
				38FFF1E51C86D61A0039B214 /* DivideNode.cpp */,
				3848616B1C98DA3300D84FC9 /* DoWhileNode.cpp */,
				384861691C98CF3000D84FC9 /* ExponentNode.cpp */,
				384861671C98BEE700D84FC9 /* ExpressionNode.cpp */,
				38FFF1DB1C86CD490039B214 /* IdentifierNode.cpp */,
				3848616D1C98E7EE00D84FC9 /* IfStatementNode.cpp */,
				38FFF1D91C86CBCB0039B214 /* IntegerNode.cpp */,
				3848616F1C98E84900D84FC9 /* MinusEqualNode.cpp */,
				38FFF1E11C86D6020039B214 /* MinusNode.cpp */,
				38B9E3B41C87F91900EBBE7D /* NotNode.cpp */,
				384861711C98EACC00D84FC9 /* PlusEqualNode.cpp */,
				38FFF1DF1C86D0CC0039B214 /* PlusNode.cpp */,
				38FFF1CB1C86C0D00039B214 /* ProgramNode.cpp */,
				384861731C98EB9500D84FC9 /* RepeatStatementNode.cpp */,
				38FFF1C51C86BFB60039B214 /* StartNode.cpp */,
				38FFF1CF1C86C2AC0039B214 /* StatementGroupNode.cpp */,
				38FFF1D11C86C6550039B214 /* StatementNode.cpp */,
				38FFF1E31C86D60D0039B214 /* TimesNode.cpp */,
				384861751C98EC4600D84FC9 /* WhileStatementNode.cpp */,
			);
			name = Nodes;
			sourceTree = "<group>";
		};
/* End PBXGroup section */

/* Begin PBXNativeTarget section */
		38093DF91C61B9CA006E1AEA /* Compiler */ = {
			isa = PBXNativeTarget;
			buildConfigurationList = 38093E011C61B9CA006E1AEA /* Build configuration list for PBXNativeTarget "Compiler" */;
			buildPhases = (
				38093DF61C61B9CA006E1AEA /* Sources */,
				38093DF71C61B9CA006E1AEA /* Frameworks */,
				38093DF81C61B9CA006E1AEA /* CopyFiles */,
			);
			buildRules = (
			);
			dependencies = (
			);
			name = Compiler;
			productName = Compiler;
			productReference = 38093DFA1C61B9CA006E1AEA /* Compiler */;
			productType = "com.apple.product-type.tool";
		};
/* End PBXNativeTarget section */

/* Begin PBXProject section */
		38093DF21C61B9CA006E1AEA /* Project object */ = {
			isa = PBXProject;
			attributes = {
				LastUpgradeCheck = 0720;
				ORGANIZATIONNAME = CS4550;
				TargetAttributes = {
					38093DF91C61B9CA006E1AEA = {
						CreatedOnToolsVersion = 7.2;
					};
				};
			};
			buildConfigurationList = 38093DF51C61B9CA006E1AEA /* Build configuration list for PBXProject "Compiler" */;
			compatibilityVersion = "Xcode 3.2";
			developmentRegion = English;
			hasScannedForEncodings = 0;
			knownRegions = (
				en,
			);
			mainGroup = 38093DF11C61B9CA006E1AEA;
			productRefGroup = 38093DFB1C61B9CA006E1AEA /* Products */;
			projectDirPath = "";
			projectRoot = "";
			targets = (
				38093DF91C61B9CA006E1AEA /* Compiler */,
			);
		};
/* End PBXProject section */

/* Begin PBXSourcesBuildPhase section */
		38093DF61C61B9CA006E1AEA /* Sources */ = {
			isa = PBXSourcesBuildPhase;
			buildActionMask = 2147483647;
			files = (
				3848616C1C98DA3300D84FC9 /* DoWhileNode.cpp in Sources */,
				384861721C98EACC00D84FC9 /* PlusEqualNode.cpp in Sources */,
				38FFF1E21C86D6020039B214 /* MinusNode.cpp in Sources */,
				380694E31C7ABE0800C28E77 /* Symbol.cpp in Sources */,
				38093DFE1C61B9CA006E1AEA /* main.cpp in Sources */,
				3848616A1C98CF3000D84FC9 /* ExponentNode.cpp in Sources */,
				38FFF1D61C86C9530039B214 /* AssignmentStatementNode.cpp in Sources */,
				38FFF1C61C86BFB60039B214 /* StartNode.cpp in Sources */,
				38093E051C61B9E5006E1AEA /* Token.cpp in Sources */,
				38FFF1E41C86D60D0039B214 /* TimesNode.cpp in Sources */,
				384861701C98E84900D84FC9 /* MinusEqualNode.cpp in Sources */,
				38FFF1C41C86B9AB0039B214 /* Node.cpp in Sources */,
				38188EB41C622B2C002AB5FB /* Scanner.cpp in Sources */,
				384861761C98EC4600D84FC9 /* WhileStatementNode.cpp in Sources */,
				38FFF1D41C86C7C40039B214 /* DeclarationStatementNode.cpp in Sources */,
				38FFF1DA1C86CBCB0039B214 /* IntegerNode.cpp in Sources */,
				3848616E1C98E7EE00D84FC9 /* IfStatementNode.cpp in Sources */,
				38FFF1D81C86CA7B0039B214 /* CoutStatementNode.cpp in Sources */,
				38B9E3B51C87F91900EBBE7D /* NotNode.cpp in Sources */,
				388F1ED61C876F8300BB930E /* Parser.cpp in Sources */,
				38FFF1CE1C86C1560039B214 /* BlockNode.cpp in Sources */,
				38FFF1E01C86D0CC0039B214 /* PlusNode.cpp in Sources */,
				38FFF1D21C86C6550039B214 /* StatementNode.cpp in Sources */,
				384861741C98EB9500D84FC9 /* RepeatStatementNode.cpp in Sources */,
				38FFF1DE1C86CFE20039B214 /* BinaryOperatorNode.cpp in Sources */,
				38FFF1DC1C86CD490039B214 /* IdentifierNode.cpp in Sources */,
				38FFF1CC1C86C0D00039B214 /* ProgramNode.cpp in Sources */,
				38E80F781C622F94004B8E68 /* StateMachine.cpp in Sources */,
				38FFF1E61C86D61A0039B214 /* DivideNode.cpp in Sources */,
				38FFF1D01C86C2AC0039B214 /* StatementGroupNode.cpp in Sources */,
				384861681C98BEE700D84FC9 /* ExpressionNode.cpp in Sources */,
			);
			runOnlyForDeploymentPostprocessing = 0;
		};
/* End PBXSourcesBuildPhase section */

/* Begin XCBuildConfiguration section */
		38093DFF1C61B9CA006E1AEA /* Debug */ = {
			isa = XCBuildConfiguration;
			buildSettings = {
				ALWAYS_SEARCH_USER_PATHS = NO;
				CLANG_CXX_LANGUAGE_STANDARD = "gnu++0x";
				CLANG_CXX_LIBRARY = "libc++";
				CLANG_ENABLE_MODULES = YES;
				CLANG_ENABLE_OBJC_ARC = YES;
				CLANG_WARN_BOOL_CONVERSION = YES;
				CLANG_WARN_CONSTANT_CONVERSION = YES;
				CLANG_WARN_DIRECT_OBJC_ISA_USAGE = YES_ERROR;
				CLANG_WARN_EMPTY_BODY = YES;
				CLANG_WARN_ENUM_CONVERSION = YES;
				CLANG_WARN_INT_CONVERSION = YES;
				CLANG_WARN_OBJC_ROOT_CLASS = YES_ERROR;
				CLANG_WARN_UNREACHABLE_CODE = YES;
				CLANG_WARN__DUPLICATE_METHOD_MATCH = YES;
				CODE_SIGN_IDENTITY = "-";
				COPY_PHASE_STRIP = NO;
				DEBUG_INFORMATION_FORMAT = dwarf;
				ENABLE_STRICT_OBJC_MSGSEND = YES;
				ENABLE_TESTABILITY = YES;
				GCC_C_LANGUAGE_STANDARD = gnu99;
				GCC_DYNAMIC_NO_PIC = NO;
				GCC_NO_COMMON_BLOCKS = YES;
				GCC_OPTIMIZATION_LEVEL = 0;
				GCC_PREPROCESSOR_DEFINITIONS = (
					"DEBUG=1",
					"$(inherited)",
				);
				GCC_WARN_64_TO_32_BIT_CONVERSION = YES;
				GCC_WARN_ABOUT_RETURN_TYPE = YES_ERROR;
				GCC_WARN_UNDECLARED_SELECTOR = YES;
				GCC_WARN_UNINITIALIZED_AUTOS = YES_AGGRESSIVE;
				GCC_WARN_UNUSED_FUNCTION = YES;
				GCC_WARN_UNUSED_VARIABLE = YES;
				MACOSX_DEPLOYMENT_TARGET = 10.11;
				MTL_ENABLE_DEBUG_INFO = YES;
				ONLY_ACTIVE_ARCH = YES;
				SDKROOT = macosx;
			};
			name = Debug;
		};
		38093E001C61B9CA006E1AEA /* Release */ = {
			isa = XCBuildConfiguration;
			buildSettings = {
				ALWAYS_SEARCH_USER_PATHS = NO;
				CLANG_CXX_LANGUAGE_STANDARD = "gnu++0x";
				CLANG_CXX_LIBRARY = "libc++";
				CLANG_ENABLE_MODULES = YES;
				CLANG_ENABLE_OBJC_ARC = YES;
				CLANG_WARN_BOOL_CONVERSION = YES;
				CLANG_WARN_CONSTANT_CONVERSION = YES;
				CLANG_WARN_DIRECT_OBJC_ISA_USAGE = YES_ERROR;
				CLANG_WARN_EMPTY_BODY = YES;
				CLANG_WARN_ENUM_CONVERSION = YES;
				CLANG_WARN_INT_CONVERSION = YES;
				CLANG_WARN_OBJC_ROOT_CLASS = YES_ERROR;
				CLANG_WARN_UNREACHABLE_CODE = YES;
				CLANG_WARN__DUPLICATE_METHOD_MATCH = YES;
				CODE_SIGN_IDENTITY = "-";
				COPY_PHASE_STRIP = NO;
				DEBUG_INFORMATION_FORMAT = "dwarf-with-dsym";
				ENABLE_NS_ASSERTIONS = NO;
				ENABLE_STRICT_OBJC_MSGSEND = YES;
				GCC_C_LANGUAGE_STANDARD = gnu99;
				GCC_NO_COMMON_BLOCKS = YES;
				GCC_WARN_64_TO_32_BIT_CONVERSION = YES;
				GCC_WARN_ABOUT_RETURN_TYPE = YES_ERROR;
				GCC_WARN_UNDECLARED_SELECTOR = YES;
				GCC_WARN_UNINITIALIZED_AUTOS = YES_AGGRESSIVE;
				GCC_WARN_UNUSED_FUNCTION = YES;
				GCC_WARN_UNUSED_VARIABLE = YES;
				MACOSX_DEPLOYMENT_TARGET = 10.11;
				MTL_ENABLE_DEBUG_INFO = NO;
				SDKROOT = macosx;
			};
			name = Release;
		};
		38093E021C61B9CA006E1AEA /* Debug */ = {
			isa = XCBuildConfiguration;
			buildSettings = {
				PRODUCT_NAME = "$(TARGET_NAME)";
			};
			name = Debug;
		};
		38093E031C61B9CA006E1AEA /* Release */ = {
			isa = XCBuildConfiguration;
			buildSettings = {
				PRODUCT_NAME = "$(TARGET_NAME)";
			};
			name = Release;
		};
/* End XCBuildConfiguration section */

/* Begin XCConfigurationList section */
		38093DF51C61B9CA006E1AEA /* Build configuration list for PBXProject "Compiler" */ = {
			isa = XCConfigurationList;
			buildConfigurations = (
				38093DFF1C61B9CA006E1AEA /* Debug */,
				38093E001C61B9CA006E1AEA /* Release */,
			);
			defaultConfigurationIsVisible = 0;
			defaultConfigurationName = Release;
		};
		38093E011C61B9CA006E1AEA /* Build configuration list for PBXNativeTarget "Compiler" */ = {
			isa = XCConfigurationList;
			buildConfigurations = (
				38093E021C61B9CA006E1AEA /* Debug */,
				38093E031C61B9CA006E1AEA /* Release */,
			);
			defaultConfigurationIsVisible = 0;
			defaultConfigurationName = Release;
		};
/* End XCConfigurationList section */
	};
	rootObject = 38093DF21C61B9CA006E1AEA /* Project object */;
}
