// !$*UTF8*$!
{
	archiveVersion = 1;
	classes = {
	};
	objectVersion = 46;
	objects = {

/* Begin PBXBuildFile section */
		380694E31C7ABE0800C28E77 /* Symbol.cpp in Sources */ = {isa = PBXBuildFile; fileRef = 380694E21C7ABE0800C28E77 /* Symbol.cpp */; };
		38093DFE1C61B9CA006E1AEA /* main.cpp in Sources */ = {isa = PBXBuildFile; fileRef = 38093DFD1C61B9CA006E1AEA /* main.cpp */; };
		38093E051C61B9E5006E1AEA /* Token.cpp in Sources */ = {isa = PBXBuildFile; fileRef = 38093E041C61B9E5006E1AEA /* Token.cpp */; };
		38188EB41C622B2C002AB5FB /* Scanner.cpp in Sources */ = {isa = PBXBuildFile; fileRef = 38188EB31C622B2C002AB5FB /* Scanner.cpp */; };
		38E80F781C622F94004B8E68 /* StateMachine.cpp in Sources */ = {isa = PBXBuildFile; fileRef = 38093E071C61C60F006E1AEA /* StateMachine.cpp */; };
/* End PBXBuildFile section */

/* Begin PBXCopyFilesBuildPhase section */
		38093DF81C61B9CA006E1AEA /* CopyFiles */ = {
			isa = PBXCopyFilesBuildPhase;
			buildActionMask = 2147483647;
			dstPath = /usr/share/man/man1/;
			dstSubfolderSpec = 0;
			files = (
			);
			runOnlyForDeploymentPostprocessing = 1;
		};
/* End PBXCopyFilesBuildPhase section */

/* Begin PBXFileReference section */
		380694E01C7AB43400C28E77 /* debug.h */ = {isa = PBXFileReference; lastKnownFileType = sourcecode.c.h; path = debug.h; sourceTree = "<group>"; };
		380694E11C7ABDFF00C28E77 /* Symbol.h */ = {isa = PBXFileReference; lastKnownFileType = sourcecode.c.h; path = Symbol.h; sourceTree = "<group>"; };
		380694E21C7ABE0800C28E77 /* Symbol.cpp */ = {isa = PBXFileReference; fileEncoding = 4; lastKnownFileType = sourcecode.cpp.cpp; path = Symbol.cpp; sourceTree = "<group>"; };
		38093DFA1C61B9CA006E1AEA /* Compiler */ = {isa = PBXFileReference; explicitFileType = "compiled.mach-o.executable"; includeInIndex = 0; path = Compiler; sourceTree = BUILT_PRODUCTS_DIR; };
		38093DFD1C61B9CA006E1AEA /* main.cpp */ = {isa = PBXFileReference; lastKnownFileType = sourcecode.cpp.cpp; path = main.cpp; sourceTree = "<group>"; };
		38093E041C61B9E5006E1AEA /* Token.cpp */ = {isa = PBXFileReference; fileEncoding = 4; lastKnownFileType = sourcecode.cpp.cpp; path = Token.cpp; sourceTree = "<group>"; };
		38093E061C61B9ED006E1AEA /* Token.h */ = {isa = PBXFileReference; lastKnownFileType = sourcecode.c.h; path = Token.h; sourceTree = "<group>"; };
		38093E071C61C60F006E1AEA /* StateMachine.cpp */ = {isa = PBXFileReference; fileEncoding = 4; lastKnownFileType = sourcecode.cpp.cpp; path = StateMachine.cpp; sourceTree = "<group>"; };
		38093E091C61C619006E1AEA /* StateMachine.h */ = {isa = PBXFileReference; lastKnownFileType = sourcecode.c.h; path = StateMachine.h; sourceTree = "<group>"; };
		38188EAF1C61FEC7002AB5FB /* Scanner.h */ = {isa = PBXFileReference; lastKnownFileType = sourcecode.c.h; path = Scanner.h; sourceTree = "<group>"; };
		38188EB01C621979002AB5FB /* test.txt */ = {isa = PBXFileReference; lastKnownFileType = text; path = test.txt; sourceTree = "<group>"; };
		38188EB31C622B2C002AB5FB /* Scanner.cpp */ = {isa = PBXFileReference; fileEncoding = 4; lastKnownFileType = sourcecode.cpp.cpp; path = Scanner.cpp; sourceTree = "<group>"; };
/* End PBXFileReference section */

/* Begin PBXFrameworksBuildPhase section */
		38093DF71C61B9CA006E1AEA /* Frameworks */ = {
			isa = PBXFrameworksBuildPhase;
			buildActionMask = 2147483647;
			files = (
			);
			runOnlyForDeploymentPostprocessing = 0;
		};
/* End PBXFrameworksBuildPhase section */

/* Begin PBXGroup section */
		38093DF11C61B9CA006E1AEA = {
			isa = PBXGroup;
			children = (
				38093DFC1C61B9CA006E1AEA /* Compiler */,
				38093DFB1C61B9CA006E1AEA /* Products */,
			);
			sourceTree = "<group>";
		};
		38093DFB1C61B9CA006E1AEA /* Products */ = {
			isa = PBXGroup;
			children = (
				38093DFA1C61B9CA006E1AEA /* Compiler */,
			);
			name = Products;
			sourceTree = "<group>";
		};
		38093DFC1C61B9CA006E1AEA /* Compiler */ = {
			isa = PBXGroup;
			children = (
				38188EB01C621979002AB5FB /* test.txt */,
				38093DFD1C61B9CA006E1AEA /* main.cpp */,
				38093E041C61B9E5006E1AEA /* Token.cpp */,
				38093E061C61B9ED006E1AEA /* Token.h */,
				38093E071C61C60F006E1AEA /* StateMachine.cpp */,
				38093E091C61C619006E1AEA /* StateMachine.h */,
				38188EAF1C61FEC7002AB5FB /* Scanner.h */,
				38188EB31C622B2C002AB5FB /* Scanner.cpp */,
				380694E01C7AB43400C28E77 /* debug.h */,
				380694E11C7ABDFF00C28E77 /* Symbol.h */,
				380694E21C7ABE0800C28E77 /* Symbol.cpp */,
			);
			path = Compiler;
			sourceTree = "<group>";
		};
/* End PBXGroup section */

/* Begin PBXNativeTarget section */
		38093DF91C61B9CA006E1AEA /* Compiler */ = {
			isa = PBXNativeTarget;
			buildConfigurationList = 38093E011C61B9CA006E1AEA /* Build configuration list for PBXNativeTarget "Compiler" */;
			buildPhases = (
				38093DF61C61B9CA006E1AEA /* Sources */,
				38093DF71C61B9CA006E1AEA /* Frameworks */,
				38093DF81C61B9CA006E1AEA /* CopyFiles */,
			);
			buildRules = (
			);
			dependencies = (
			);
			name = Compiler;
			productName = Compiler;
			productReference = 38093DFA1C61B9CA006E1AEA /* Compiler */;
			productType = "com.apple.product-type.tool";
		};
/* End PBXNativeTarget section */

/* Begin PBXProject section */
		38093DF21C61B9CA006E1AEA /* Project object */ = {
			isa = PBXProject;
			attributes = {
				LastUpgradeCheck = 0720;
				ORGANIZATIONNAME = CS4550;
				TargetAttributes = {
					38093DF91C61B9CA006E1AEA = {
						CreatedOnToolsVersion = 7.2;
					};
				};
			};
			buildConfigurationList = 38093DF51C61B9CA006E1AEA /* Build configuration list for PBXProject "Compiler" */;
			compatibilityVersion = "Xcode 3.2";
			developmentRegion = English;
			hasScannedForEncodings = 0;
			knownRegions = (
				en,
			);
			mainGroup = 38093DF11C61B9CA006E1AEA;
			productRefGroup = 38093DFB1C61B9CA006E1AEA /* Products */;
			projectDirPath = "";
			projectRoot = "";
			targets = (
				38093DF91C61B9CA006E1AEA /* Compiler */,
			);
		};
/* End PBXProject section */

/* Begin PBXSourcesBuildPhase section */
		38093DF61C61B9CA006E1AEA /* Sources */ = {
			isa = PBXSourcesBuildPhase;
			buildActionMask = 2147483647;
			files = (
				380694E31C7ABE0800C28E77 /* Symbol.cpp in Sources */,
				38093DFE1C61B9CA006E1AEA /* main.cpp in Sources */,
				38093E051C61B9E5006E1AEA /* Token.cpp in Sources */,
				38188EB41C622B2C002AB5FB /* Scanner.cpp in Sources */,
				38E80F781C622F94004B8E68 /* StateMachine.cpp in Sources */,
			);
			runOnlyForDeploymentPostprocessing = 0;
		};
/* End PBXSourcesBuildPhase section */

/* Begin XCBuildConfiguration section */
		38093DFF1C61B9CA006E1AEA /* Debug */ = {
			isa = XCBuildConfiguration;
			buildSettings = {
				ALWAYS_SEARCH_USER_PATHS = NO;
				CLANG_CXX_LANGUAGE_STANDARD = "gnu++0x";
				CLANG_CXX_LIBRARY = "libc++";
				CLANG_ENABLE_MODULES = YES;
				CLANG_ENABLE_OBJC_ARC = YES;
				CLANG_WARN_BOOL_CONVERSION = YES;
				CLANG_WARN_CONSTANT_CONVERSION = YES;
				CLANG_WARN_DIRECT_OBJC_ISA_USAGE = YES_ERROR;
				CLANG_WARN_EMPTY_BODY = YES;
				CLANG_WARN_ENUM_CONVERSION = YES;
				CLANG_WARN_INT_CONVERSION = YES;
				CLANG_WARN_OBJC_ROOT_CLASS = YES_ERROR;
				CLANG_WARN_UNREACHABLE_CODE = YES;
				CLANG_WARN__DUPLICATE_METHOD_MATCH = YES;
				CODE_SIGN_IDENTITY = "-";
				COPY_PHASE_STRIP = NO;
				DEBUG_INFORMATION_FORMAT = dwarf;
				ENABLE_STRICT_OBJC_MSGSEND = YES;
				ENABLE_TESTABILITY = YES;
				GCC_C_LANGUAGE_STANDARD = gnu99;
				GCC_DYNAMIC_NO_PIC = NO;
				GCC_NO_COMMON_BLOCKS = YES;
				GCC_OPTIMIZATION_LEVEL = 0;
				GCC_PREPROCESSOR_DEFINITIONS = (
					"DEBUG=1",
					"$(inherited)",
				);
				GCC_WARN_64_TO_32_BIT_CONVERSION = YES;
				GCC_WARN_ABOUT_RETURN_TYPE = YES_ERROR;
				GCC_WARN_UNDECLARED_SELECTOR = YES;
				GCC_WARN_UNINITIALIZED_AUTOS = YES_AGGRESSIVE;
				GCC_WARN_UNUSED_FUNCTION = YES;
				GCC_WARN_UNUSED_VARIABLE = YES;
				MACOSX_DEPLOYMENT_TARGET = 10.11;
				MTL_ENABLE_DEBUG_INFO = YES;
				ONLY_ACTIVE_ARCH = YES;
				SDKROOT = macosx;
			};
			name = Debug;
		};
		38093E001C61B9CA006E1AEA /* Release */ = {
			isa = XCBuildConfiguration;
			buildSettings = {
				ALWAYS_SEARCH_USER_PATHS = NO;
				CLANG_CXX_LANGUAGE_STANDARD = "gnu++0x";
				CLANG_CXX_LIBRARY = "libc++";
				CLANG_ENABLE_MODULES = YES;
				CLANG_ENABLE_OBJC_ARC = YES;
				CLANG_WARN_BOOL_CONVERSION = YES;
				CLANG_WARN_CONSTANT_CONVERSION = YES;
				CLANG_WARN_DIRECT_OBJC_ISA_USAGE = YES_ERROR;
				CLANG_WARN_EMPTY_BODY = YES;
				CLANG_WARN_ENUM_CONVERSION = YES;
				CLANG_WARN_INT_CONVERSION = YES;
				CLANG_WARN_OBJC_ROOT_CLASS = YES_ERROR;
				CLANG_WARN_UNREACHABLE_CODE = YES;
				CLANG_WARN__DUPLICATE_METHOD_MATCH = YES;
				CODE_SIGN_IDENTITY = "-";
				COPY_PHASE_STRIP = NO;
				DEBUG_INFORMATION_FORMAT = "dwarf-with-dsym";
				ENABLE_NS_ASSERTIONS = NO;
				ENABLE_STRICT_OBJC_MSGSEND = YES;
				GCC_C_LANGUAGE_STANDARD = gnu99;
				GCC_NO_COMMON_BLOCKS = YES;
				GCC_WARN_64_TO_32_BIT_CONVERSION = YES;
				GCC_WARN_ABOUT_RETURN_TYPE = YES_ERROR;
				GCC_WARN_UNDECLARED_SELECTOR = YES;
				GCC_WARN_UNINITIALIZED_AUTOS = YES_AGGRESSIVE;
				GCC_WARN_UNUSED_FUNCTION = YES;
				GCC_WARN_UNUSED_VARIABLE = YES;
				MACOSX_DEPLOYMENT_TARGET = 10.11;
				MTL_ENABLE_DEBUG_INFO = NO;
				SDKROOT = macosx;
			};
			name = Release;
		};
		38093E021C61B9CA006E1AEA /* Debug */ = {
			isa = XCBuildConfiguration;
			buildSettings = {
				PRODUCT_NAME = "$(TARGET_NAME)";
			};
			name = Debug;
		};
		38093E031C61B9CA006E1AEA /* Release */ = {
			isa = XCBuildConfiguration;
			buildSettings = {
				PRODUCT_NAME = "$(TARGET_NAME)";
			};
			name = Release;
		};
/* End XCBuildConfiguration section */

/* Begin XCConfigurationList section */
		38093DF51C61B9CA006E1AEA /* Build configuration list for PBXProject "Compiler" */ = {
			isa = XCConfigurationList;
			buildConfigurations = (
				38093DFF1C61B9CA006E1AEA /* Debug */,
				38093E001C61B9CA006E1AEA /* Release */,
			);
			defaultConfigurationIsVisible = 0;
			defaultConfigurationName = Release;
		};
		38093E011C61B9CA006E1AEA /* Build configuration list for PBXNativeTarget "Compiler" */ = {
			isa = XCConfigurationList;
			buildConfigurations = (
				38093E021C61B9CA006E1AEA /* Debug */,
				38093E031C61B9CA006E1AEA /* Release */,
			);
			defaultConfigurationIsVisible = 0;
			defaultConfigurationName = Release;
		};
/* End XCConfigurationList section */
	};
	rootObject = 38093DF21C61B9CA006E1AEA /* Project object */;
}
